
Microsoft Visual Studio Solution File, Format Version 12.00
# Visual Studio 15
VisualStudioVersion = 15.0.28307.902
MinimumVisualStudioVersion = 10.0.40219.1
Project("{FAE04EC0-301F-11D3-BF4B-00C04F79EFBC}") = "LocalizationDemo", "LocalizationDemo\LocalizationDemo.csproj", "{05174E76-3D5A-428C-85F9-2D6B98B2BD72}"
EndProject
Global
	GlobalSection(SolutionConfigurationPlatforms) = preSolution
		Debug|Any CPU = Debug|Any CPU
		Release|Any CPU = Release|Any CPU
	EndGlobalSection
	GlobalSection(ProjectConfigurationPlatforms) = postSolution
		{05174E76-3D5A-428C-85F9-2D6B98B2BD72}.Debug|Any CPU.ActiveCfg = Debug|Any CPU
		{05174E76-3D5A-428C-85F9-2D6B98B2BD72}.Debug|Any CPU.Build.0 = Debug|Any CPU
		{05174E76-3D5A-428C-85F9-2D6B98B2BD72}.Release|Any CPU.ActiveCfg = Release|Any CPU
		{05174E76-3D5A-428C-85F9-2D6B98B2BD72}.Release|Any CPU.Build.0 = Release|Any CPU
	EndGlobalSection
	GlobalSection(SolutionProperties) = preSolution
		HideSolutionNode = FALSE
	EndGlobalSection
	GlobalSection(ExtensibilityGlobals) = postSolution
		SolutionGuid = {E812B7FA-86B7-4F34-BD4D-FA3511EC345C}
	EndGlobalSection
EndGlobal
